// !$*UTF8*$!
{
	archiveVersion = 1;
	classes = {
	};
	objectVersion = 50;
	objects = {

/* Begin PBXBuildFile section */
		9556258D213C8EDE00BF8D85 /* AppDelegate.swift in Sources */ = {isa = PBXBuildFile; fileRef = 9556258C213C8EDE00BF8D85 /* AppDelegate.swift */; };
		9556258F213C8EDE00BF8D85 /* ViewController.swift in Sources */ = {isa = PBXBuildFile; fileRef = 9556258E213C8EDE00BF8D85 /* ViewController.swift */; };
		95562592213C8EDE00BF8D85 /* Main.storyboard in Resources */ = {isa = PBXBuildFile; fileRef = 95562590213C8EDE00BF8D85 /* Main.storyboard */; };
		95562594213C8EDF00BF8D85 /* Assets.xcassets in Resources */ = {isa = PBXBuildFile; fileRef = 95562593213C8EDF00BF8D85 /* Assets.xcassets */; };
		95562597213C8EDF00BF8D85 /* LaunchScreen.storyboard in Resources */ = {isa = PBXBuildFile; fileRef = 95562595213C8EDF00BF8D85 /* LaunchScreen.storyboard */; };
		9556259F213C8F1700BF8D85 /* Question.swift in Sources */ = {isa = PBXBuildFile; fileRef = 9556259E213C8F1700BF8D85 /* Question.swift */; };
		955625A1213C8FAE00BF8D85 /* QuizModel.swift in Sources */ = {isa = PBXBuildFile; fileRef = 955625A0213C8FAE00BF8D85 /* QuizModel.swift */; };
		955625A3213C946900BF8D85 /* QuestionData.json in Resources */ = {isa = PBXBuildFile; fileRef = 955625A2213C946900BF8D85 /* QuestionData.json */; };
		95578C232142B91100693C91 /* ResultViewController.swift in Sources */ = {isa = PBXBuildFile; fileRef = 95578C222142B91100693C91 /* ResultViewController.swift */; };
		95B8E1E62143060500B7790B /* StateManager.swift in Sources */ = {isa = PBXBuildFile; fileRef = 95B8E1E52143060500B7790B /* StateManager.swift */; };
/* End PBXBuildFile section */

/* Begin PBXFileReference section */
		95562589213C8EDE00BF8D85 /* QuizApp.app */ = {isa = PBXFileReference; explicitFileType = wrapper.application; includeInIndex = 0; path = QuizApp.app; sourceTree = BUILT_PRODUCTS_DIR; };
		9556258C213C8EDE00BF8D85 /* AppDelegate.swift */ = {isa = PBXFileReference; lastKnownFileType = sourcecode.swift; path = AppDelegate.swift; sourceTree = "<group>"; };
		9556258E213C8EDE00BF8D85 /* ViewController.swift */ = {isa = PBXFileReference; lastKnownFileType = sourcecode.swift; path = ViewController.swift; sourceTree = "<group>"; };
		95562591213C8EDE00BF8D85 /* Base */ = {isa = PBXFileReference; lastKnownFileType = file.storyboard; name = Base; path = Base.lproj/Main.storyboard; sourceTree = "<group>"; };
		95562593213C8EDF00BF8D85 /* Assets.xcassets */ = {isa = PBXFileReference; lastKnownFileType = folder.assetcatalog; path = Assets.xcassets; sourceTree = "<group>"; };
		95562596213C8EDF00BF8D85 /* Base */ = {isa = PBXFileReference; lastKnownFileType = file.storyboard; name = Base; path = Base.lproj/LaunchScreen.storyboard; sourceTree = "<group>"; };
		95562598213C8EDF00BF8D85 /* Info.plist */ = {isa = PBXFileReference; lastKnownFileType = text.plist.xml; path = Info.plist; sourceTree = "<group>"; };
		9556259E213C8F1700BF8D85 /* Question.swift */ = {isa = PBXFileReference; lastKnownFileType = sourcecode.swift; path = Question.swift; sourceTree = "<group>"; };
		955625A0213C8FAE00BF8D85 /* QuizModel.swift */ = {isa = PBXFileReference; lastKnownFileType = sourcecode.swift; path = QuizModel.swift; sourceTree = "<group>"; };
		955625A2213C946900BF8D85 /* QuestionData.json */ = {isa = PBXFileReference; fileEncoding = 4; lastKnownFileType = text.json; path = QuestionData.json; sourceTree = "<group>"; };
		95578C222142B91100693C91 /* ResultViewController.swift */ = {isa = PBXFileReference; lastKnownFileType = sourcecode.swift; path = ResultViewController.swift; sourceTree = "<group>"; };
		95B8E1E52143060500B7790B /* StateManager.swift */ = {isa = PBXFileReference; lastKnownFileType = sourcecode.swift; path = StateManager.swift; sourceTree = "<group>"; };
/* End PBXFileReference section */

/* Begin PBXFrameworksBuildPhase section */
		95562586213C8EDE00BF8D85 /* Frameworks */ = {
			isa = PBXFrameworksBuildPhase;
			buildActionMask = 2147483647;
			files = (
			);
			runOnlyForDeploymentPostprocessing = 0;
		};
/* End PBXFrameworksBuildPhase section */

/* Begin PBXGroup section */
		95562580213C8EDE00BF8D85 = {
			isa = PBXGroup;
			children = (
				9556258B213C8EDE00BF8D85 /* QuizApp */,
				9556258A213C8EDE00BF8D85 /* Products */,
			);
			sourceTree = "<group>";
		};
		9556258A213C8EDE00BF8D85 /* Products */ = {
			isa = PBXGroup;
			children = (
				95562589213C8EDE00BF8D85 /* QuizApp.app */,
			);
			name = Products;
			sourceTree = "<group>";
		};
		9556258B213C8EDE00BF8D85 /* QuizApp */ = {
			isa = PBXGroup;
			children = (
				9556258C213C8EDE00BF8D85 /* AppDelegate.swift */,
				95B8E1E52143060500B7790B /* StateManager.swift */,
				9556258E213C8EDE00BF8D85 /* ViewController.swift */,
				95578C222142B91100693C91 /* ResultViewController.swift */,
				9556259E213C8F1700BF8D85 /* Question.swift */,
				955625A0213C8FAE00BF8D85 /* QuizModel.swift */,
				95562590213C8EDE00BF8D85 /* Main.storyboard */,
				955625A2213C946900BF8D85 /* QuestionData.json */,
				95562593213C8EDF00BF8D85 /* Assets.xcassets */,
				95562595213C8EDF00BF8D85 /* LaunchScreen.storyboard */,
				95562598213C8EDF00BF8D85 /* Info.plist */,
			);
			path = QuizApp;
			sourceTree = "<group>";
		};
/* End PBXGroup section */

/* Begin PBXNativeTarget section */
		95562588213C8EDE00BF8D85 /* QuizApp */ = {
			isa = PBXNativeTarget;
			buildConfigurationList = 9556259B213C8EDF00BF8D85 /* Build configuration list for PBXNativeTarget "QuizApp" */;
			buildPhases = (
				95562585213C8EDE00BF8D85 /* Sources */,
				95562586213C8EDE00BF8D85 /* Frameworks */,
				95562587213C8EDE00BF8D85 /* Resources */,
			);
			buildRules = (
			);
			dependencies = (
			);
			name = QuizApp;
			productName = QuizApp;
			productReference = 95562589213C8EDE00BF8D85 /* QuizApp.app */;
			productType = "com.apple.product-type.application";
		};
/* End PBXNativeTarget section */

/* Begin PBXProject section */
		95562581213C8EDE00BF8D85 /* Project object */ = {
			isa = PBXProject;
			attributes = {
				LastSwiftUpdateCheck = 0940;
				LastUpgradeCheck = 0940;
				ORGANIZATIONNAME = "Lucas Dahl";
				TargetAttributes = {
					95562588213C8EDE00BF8D85 = {
						CreatedOnToolsVersion = 9.4.1;
						LastSwiftMigration = 1000;
					};
				};
			};
			buildConfigurationList = 95562584213C8EDE00BF8D85 /* Build configuration list for PBXProject "QuizApp" */;
			compatibilityVersion = "Xcode 9.3";
			developmentRegion = en;
			hasScannedForEncodings = 0;
			knownRegions = (
				en,
				Base,
			);
			mainGroup = 95562580213C8EDE00BF8D85;
			productRefGroup = 9556258A213C8EDE00BF8D85 /* Products */;
			projectDirPath = "";
			projectRoot = "";
			targets = (
				95562588213C8EDE00BF8D85 /* QuizApp */,
			);
		};
/* End PBXProject section */

/* Begin PBXResourcesBuildPhase section */
		95562587213C8EDE00BF8D85 /* Resources */ = {
			isa = PBXResourcesBuildPhase;
			buildActionMask = 2147483647;
			files = (
				95562597213C8EDF00BF8D85 /* LaunchScreen.storyboard in Resources */,
				95562594213C8EDF00BF8D85 /* Assets.xcassets in Resources */,
				95562592213C8EDE00BF8D85 /* Main.storyboard in Resources */,
				955625A3213C946900BF8D85 /* QuestionData.json in Resources */,
			);
			runOnlyForDeploymentPostprocessing = 0;
		};
/* End PBXResourcesBuildPhase section */

/* Begin PBXSourcesBuildPhase section */
		95562585213C8EDE00BF8D85 /* Sources */ = {
			isa = PBXSourcesBuildPhase;
			buildActionMask = 2147483647;
			files = (
				95578C232142B91100693C91 /* ResultViewController.swift in Sources */,
				955625A1213C8FAE00BF8D85 /* QuizModel.swift in Sources */,
				9556259F213C8F1700BF8D85 /* Question.swift in Sources */,
				95B8E1E62143060500B7790B /* StateManager.swift in Sources */,
				9556258F213C8EDE00BF8D85 /* ViewController.swift in Sources */,
				9556258D213C8EDE00BF8D85 /* AppDelegate.swift in Sources */,
			);
			runOnlyForDeploymentPostprocessing = 0;
		};
/* End PBXSourcesBuildPhase section */

/* Begin PBXVariantGroup section */
		95562590213C8EDE00BF8D85 /* Main.storyboard */ = {
			isa = PBXVariantGroup;
			children = (
				95562591213C8EDE00BF8D85 /* Base */,
			);
			name = Main.storyboard;
			sourceTree = "<group>";
		};
		95562595213C8EDF00BF8D85 /* LaunchScreen.storyboard */ = {
			isa = PBXVariantGroup;
			children = (
				95562596213C8EDF00BF8D85 /* Base */,
			);
			name = LaunchScreen.storyboard;
			sourceTree = "<group>";
		};
/* End PBXVariantGroup section */

/* Begin XCBuildConfiguration section */
		95562599213C8EDF00BF8D85 /* Debug */ = {
			isa = XCBuildConfiguration;
			buildSettings = {
				ALWAYS_SEARCH_USER_PATHS = NO;
				CLANG_ANALYZER_NONNULL = YES;
				CLANG_ANALYZER_NUMBER_OBJECT_CONVERSION = YES_AGGRESSIVE;
				CLANG_CXX_LANGUAGE_STANDARD = "gnu++14";
				CLANG_CXX_LIBRARY = "libc++";
				CLANG_ENABLE_MODULES = YES;
				CLANG_ENABLE_OBJC_ARC = YES;
				CLANG_ENABLE_OBJC_WEAK = YES;
				CLANG_WARN_BLOCK_CAPTURE_AUTORELEASING = YES;
				CLANG_WARN_BOOL_CONVERSION = YES;
				CLANG_WARN_COMMA = YES;
				CLANG_WARN_CONSTANT_CONVERSION = YES;
				CLANG_WARN_DEPRECATED_OBJC_IMPLEMENTATIONS = YES;
				CLANG_WARN_DIRECT_OBJC_ISA_USAGE = YES_ERROR;
				CLANG_WARN_DOCUMENTATION_COMMENTS = YES;
				CLANG_WARN_EMPTY_BODY = YES;
				CLANG_WARN_ENUM_CONVERSION = YES;
				CLANG_WARN_INFINITE_RECURSION = YES;
				CLANG_WARN_INT_CONVERSION = YES;
				CLANG_WARN_NON_LITERAL_NULL_CONVERSION = YES;
				CLANG_WARN_OBJC_IMPLICIT_RETAIN_SELF = YES;
				CLANG_WARN_OBJC_LITERAL_CONVERSION = YES;
				CLANG_WARN_OBJC_ROOT_CLASS = YES_ERROR;
				CLANG_WARN_RANGE_LOOP_ANALYSIS = YES;
				CLANG_WARN_STRICT_PROTOTYPES = YES;
				CLANG_WARN_SUSPICIOUS_MOVE = YES;
				CLANG_WARN_UNGUARDED_AVAILABILITY = YES_AGGRESSIVE;
				CLANG_WARN_UNREACHABLE_CODE = YES;
				CLANG_WARN__DUPLICATE_METHOD_MATCH = YES;
				CODE_SIGN_IDENTITY = "iPhone Developer";
				COPY_PHASE_STRIP = NO;
				DEBUG_INFORMATION_FORMAT = dwarf;
				ENABLE_STRICT_OBJC_MSGSEND = YES;
				ENABLE_TESTABILITY = YES;
				GCC_C_LANGUAGE_STANDARD = gnu11;
				GCC_DYNAMIC_NO_PIC = NO;
				GCC_NO_COMMON_BLOCKS = YES;
				GCC_OPTIMIZATION_LEVEL = 0;
				GCC_PREPROCESSOR_DEFINITIONS = (
					"DEBUG=1",
					"$(inherited)",
				);
				GCC_WARN_64_TO_32_BIT_CONVERSION = YES;
				GCC_WARN_ABOUT_RETURN_TYPE = YES_ERROR;
				GCC_WARN_UNDECLARED_SELECTOR = YES;
				GCC_WARN_UNINITIALIZED_AUTOS = YES_AGGRESSIVE;
				GCC_WARN_UNUSED_FUNCTION = YES;
				GCC_WARN_UNUSED_VARIABLE = YES;
				IPHONEOS_DEPLOYMENT_TARGET = 11.4;
				MTL_ENABLE_DEBUG_INFO = YES;
				ONLY_ACTIVE_ARCH = YES;
				SDKROOT = iphoneos;
				SWIFT_ACTIVE_COMPILATION_CONDITIONS = DEBUG;
				SWIFT_OPTIMIZATION_LEVEL = "-Onone";
			};
			name = Debug;
		};
		9556259A213C8EDF00BF8D85 /* Release */ = {
			isa = XCBuildConfiguration;
			buildSettings = {
				ALWAYS_SEARCH_USER_PATHS = NO;
				CLANG_ANALYZER_NONNULL = YES;
				CLANG_ANALYZER_NUMBER_OBJECT_CONVERSION = YES_AGGRESSIVE;
				CLANG_CXX_LANGUAGE_STANDARD = "gnu++14";
				CLANG_CXX_LIBRARY = "libc++";
				CLANG_ENABLE_MODULES = YES;
				CLANG_ENABLE_OBJC_ARC = YES;
				CLANG_ENABLE_OBJC_WEAK = YES;
				CLANG_WARN_BLOCK_CAPTURE_AUTORELEASING = YES;
				CLANG_WARN_BOOL_CONVERSION = YES;
				CLANG_WARN_COMMA = YES;
				CLANG_WARN_CONSTANT_CONVERSION = YES;
				CLANG_WARN_DEPRECATED_OBJC_IMPLEMENTATIONS = YES;
				CLANG_WARN_DIRECT_OBJC_ISA_USAGE = YES_ERROR;
				CLANG_WARN_DOCUMENTATION_COMMENTS = YES;
				CLANG_WARN_EMPTY_BODY = YES;
				CLANG_WARN_ENUM_CONVERSION = YES;
				CLANG_WARN_INFINITE_RECURSION = YES;
				CLANG_WARN_INT_CONVERSION = YES;
				CLANG_WARN_NON_LITERAL_NULL_CONVERSION = YES;
				CLANG_WARN_OBJC_IMPLICIT_RETAIN_SELF = YES;
				CLANG_WARN_OBJC_LITERAL_CONVERSION = YES;
				CLANG_WARN_OBJC_ROOT_CLASS = YES_ERROR;
				CLANG_WARN_RANGE_LOOP_ANALYSIS = YES;
				CLANG_WARN_STRICT_PROTOTYPES = YES;
				CLANG_WARN_SUSPICIOUS_MOVE = YES;
				CLANG_WARN_UNGUARDED_AVAILABILITY = YES_AGGRESSIVE;
				CLANG_WARN_UNREACHABLE_CODE = YES;
				CLANG_WARN__DUPLICATE_METHOD_MATCH = YES;
				CODE_SIGN_IDENTITY = "iPhone Developer";
				COPY_PHASE_STRIP = NO;
				DEBUG_INFORMATION_FORMAT = "dwarf-with-dsym";
				ENABLE_NS_ASSERTIONS = NO;
				ENABLE_STRICT_OBJC_MSGSEND = YES;
				GCC_C_LANGUAGE_STANDARD = gnu11;
				GCC_NO_COMMON_BLOCKS = YES;
				GCC_WARN_64_TO_32_BIT_CONVERSION = YES;
				GCC_WARN_ABOUT_RETURN_TYPE = YES_ERROR;
				GCC_WARN_UNDECLARED_SELECTOR = YES;
				GCC_WARN_UNINITIALIZED_AUTOS = YES_AGGRESSIVE;
				GCC_WARN_UNUSED_FUNCTION = YES;
				GCC_WARN_UNUSED_VARIABLE = YES;
				IPHONEOS_DEPLOYMENT_TARGET = 11.4;
				MTL_ENABLE_DEBUG_INFO = NO;
				SDKROOT = iphoneos;
				SWIFT_COMPILATION_MODE = wholemodule;
				SWIFT_OPTIMIZATION_LEVEL = "-O";
				VALIDATE_PRODUCT = YES;
			};
			name = Release;
		};
		9556259C213C8EDF00BF8D85 /* Debug */ = {
			isa = XCBuildConfiguration;
			buildSettings = {
				ASSETCATALOG_COMPILER_APPICON_NAME = AppIcon;
				CODE_SIGN_STYLE = Automatic;
				DEVELOPMENT_TEAM = CW7RK4BNJW;
				INFOPLIST_FILE = QuizApp/Info.plist;
				LD_RUNPATH_SEARCH_PATHS = (
					"$(inherited)",
					"@executable_path/Frameworks",
				);
				PRODUCT_BUNDLE_IDENTIFIER = com.lucas.QuizApp;
				PRODUCT_NAME = "$(TARGET_NAME)";
				SWIFT_VERSION = 4.2;
				TARGETED_DEVICE_FAMILY = 1;
			};
			name = Debug;
		};
		9556259D213C8EDF00BF8D85 /* Release */ = {
			isa = XCBuildConfiguration;
			buildSettings = {
				ASSETCATALOG_COMPILER_APPICON_NAME = AppIcon;
				CODE_SIGN_STYLE = Automatic;
				DEVELOPMENT_TEAM = CW7RK4BNJW;
				INFOPLIST_FILE = QuizApp/Info.plist;
				LD_RUNPATH_SEARCH_PATHS = (
					"$(inherited)",
					"@executable_path/Frameworks",
				);
				PRODUCT_BUNDLE_IDENTIFIER = com.lucas.QuizApp;
				PRODUCT_NAME = "$(TARGET_NAME)";
				SWIFT_VERSION = 4.2;
				TARGETED_DEVICE_FAMILY = 1;
			};
			name = Release;
		};
/* End XCBuildConfiguration section */

/* Begin XCConfigurationList section */
		95562584213C8EDE00BF8D85 /* Build configuration list for PBXProject "QuizApp" */ = {
			isa = XCConfigurationList;
			buildConfigurations = (
				95562599213C8EDF00BF8D85 /* Debug */,
				9556259A213C8EDF00BF8D85 /* Release */,
			);
			defaultConfigurationIsVisible = 0;
			defaultConfigurationName = Release;
		};
		9556259B213C8EDF00BF8D85 /* Build configuration list for PBXNativeTarget "QuizApp" */ = {
			isa = XCConfigurationList;
			buildConfigurations = (
				9556259C213C8EDF00BF8D85 /* Debug */,
				9556259D213C8EDF00BF8D85 /* Release */,
			);
			defaultConfigurationIsVisible = 0;
			defaultConfigurationName = Release;
		};
/* End XCConfigurationList section */
	};
	rootObject = 95562581213C8EDE00BF8D85 /* Project object */;
}
